<?xml version="1.0" encoding="utf-8"?>
<Project ToolsVersion="4.0" xmlns="http://schemas.microsoft.com/developer/msbuild/2003">
  <ItemGroup>
    <Filter Include="ソース ファイル">
      <UniqueIdentifier>{4FC737F1-C7A5-4376-A066-2A32D752A2FF}</UniqueIdentifier>
      <Extensions>cpp;c;cc;cxx;c++;cppm;ixx;def;odl;idl;hpj;bat;asm;asmx</Extensions>
    </Filter>
    <Filter Include="ヘッダー ファイル">
      <UniqueIdentifier>{93995380-89BD-4b04-88EB-625FBE52EBFB}</UniqueIdentifier>
      <Extensions>h;hh;hpp;hxx;h++;hm;inl;inc;ipp;xsd</Extensions>
    </Filter>
    <Filter Include="リソース ファイル">
      <UniqueIdentifier>{67DA6AB6-F800-4c08-8B7A-83BB121AAD01}</UniqueIdentifier>
      <Extensions>rc;ico;cur;bmp;dlg;rc2;rct;bin;rgs;gif;jpg;jpeg;jpe;resx;tiff;tif;png;wav;mfcribbon-ms</Extensions>
    </Filter>
    <Filter Include="ソース ファイル\DX12Wrapper">
      <UniqueIdentifier>{9884fcfb-c977-4d6b-ab8b-c3c556ae2e2c}</UniqueIdentifier>
    </Filter>
    <Filter Include="ソース ファイル\Framework">
      <UniqueIdentifier>{5729766c-4317-4726-b35d-ee41179fcb2d}</UniqueIdentifier>
    </Filter>
    <Filter Include="ソース ファイル\Utility">
      <UniqueIdentifier>{cb79d89c-5828-41c3-827d-688d6fd338e2}</UniqueIdentifier>
    </Filter>
    <Filter Include="ソース ファイル\Game">
      <UniqueIdentifier>{f84ae2c9-81b5-4463-8c3b-93ad06b0eb24}</UniqueIdentifier>
    </Filter>
    <Filter Include="ソース ファイル\Game\Graphics">
      <UniqueIdentifier>{deb8360e-7475-4faa-8e12-4aacf7d7cdeb}</UniqueIdentifier>
    </Filter>
    <Filter Include="ソース ファイル\Game\TitleScene">
      <UniqueIdentifier>{385e4cf0-ee27-4f97-89d5-d14fdb184a26}</UniqueIdentifier>
    </Filter>
    <Filter Include="ソース ファイル\Framework\System">
      <UniqueIdentifier>{d8462e28-fbd4-4023-bd65-2464d36da8f6}</UniqueIdentifier>
    </Filter>
    <Filter Include="ソース ファイル\Framework\System\Input">
      <UniqueIdentifier>{576985a6-3e65-45ee-8c1b-ea13306ec452}</UniqueIdentifier>
    </Filter>
    <Filter Include="ソース ファイル\Framework\System\Sound">
      <UniqueIdentifier>{7be75517-2bc7-48bb-bd17-e4bdad4a8a07}</UniqueIdentifier>
    </Filter>
    <Filter Include="ソース ファイル\Framework\Component">
      <UniqueIdentifier>{875dae40-4e39-4258-b69a-f128f9a85bcc}</UniqueIdentifier>
    </Filter>
    <Filter Include="ソース ファイル\Framework\System\Scene">
      <UniqueIdentifier>{c8f10ac0-fe71-45fb-81af-0e0f5836b2ef}</UniqueIdentifier>
    </Filter>
    <Filter Include="ソース ファイル\Framework\System\Collision">
      <UniqueIdentifier>{05431620-afe9-463d-8c2c-d32c7d7bfb51}</UniqueIdentifier>
    </Filter>
    <Filter Include="ソース ファイル\Game\GameScene">
      <UniqueIdentifier>{41008761-175a-4ec9-a532-a2a6066ad323}</UniqueIdentifier>
    </Filter>
    <Filter Include="ソース ファイル\Framework\Object">
      <UniqueIdentifier>{13a1e544-1fb1-459d-a6f5-880ef5828a6a}</UniqueIdentifier>
    </Filter>
    <Filter Include="ソース ファイル\Game\GameScene\Obstacle">
      <UniqueIdentifier>{1ee82067-cb97-426d-acbd-a17432314587}</UniqueIdentifier>
    </Filter>
    <Filter Include="ソース ファイル\Game\GameScene\UI">
      <UniqueIdentifier>{05dd7cfe-b2b4-424f-9f6f-4d34d5f570da}</UniqueIdentifier>
    </Filter>
  </ItemGroup>
  <ItemGroup>
    <ClCompile Include="src\Game\main.cpp">
      <Filter>ソース ファイル\Game</Filter>
    </ClCompile>
    <ClCompile Include="src\pch.cpp">
      <Filter>ソース ファイル</Filter>
    </ClCompile>
    <ClCompile Include="src\DX12Wrapper\ConstantBuffer.cpp">
      <Filter>ソース ファイル\DX12Wrapper</Filter>
    </ClCompile>
    <ClCompile Include="src\DX12Wrapper\CubeRenderTarget.cpp">
      <Filter>ソース ファイル\DX12Wrapper</Filter>
    </ClCompile>
    <ClCompile Include="src\DX12Wrapper\DepthStencilBuffer.cpp">
      <Filter>ソース ファイル\DX12Wrapper</Filter>
    </ClCompile>
    <ClCompile Include="src\DX12Wrapper\DescriptorHeapCBV_SRV_UAV.cpp">
      <Filter>ソース ファイル\DX12Wrapper</Filter>
    </ClCompile>
    <ClCompile Include="src\DX12Wrapper\DescriptorHeapDSV.cpp">
      <Filter>ソース ファイル\DX12Wrapper</Filter>
    </ClCompile>
    <ClCompile Include="src\DX12Wrapper\DescriptorHeapRTV.cpp">
      <Filter>ソース ファイル\DX12Wrapper</Filter>
    </ClCompile>
    <ClCompile Include="src\DX12Wrapper\Dx12GraphicsEngine.cpp">
      <Filter>ソース ファイル\DX12Wrapper</Filter>
    </ClCompile>
    <ClCompile Include="src\DX12Wrapper\FontRenderer.cpp">
      <Filter>ソース ファイル\DX12Wrapper</Filter>
    </ClCompile>
    <ClCompile Include="src\DX12Wrapper\GraphicsPipelineState.cpp">
      <Filter>ソース ファイル\DX12Wrapper</Filter>
    </ClCompile>
    <ClCompile Include="src\DX12Wrapper\IndexBuffer.cpp">
      <Filter>ソース ファイル\DX12Wrapper</Filter>
    </ClCompile>
    <ClCompile Include="src\DX12Wrapper\RenderingContext.cpp">
      <Filter>ソース ファイル\DX12Wrapper</Filter>
    </ClCompile>
    <ClCompile Include="src\DX12Wrapper\RenderTarget.cpp">
      <Filter>ソース ファイル\DX12Wrapper</Filter>
    </ClCompile>
    <ClCompile Include="src\DX12Wrapper\RenderTargetBuffer.cpp">
      <Filter>ソース ファイル\DX12Wrapper</Filter>
    </ClCompile>
    <ClCompile Include="src\DX12Wrapper\RootSignature.cpp">
      <Filter>ソース ファイル\DX12Wrapper</Filter>
    </ClCompile>
    <ClCompile Include="src\DX12Wrapper\Shader.cpp">
      <Filter>ソース ファイル\DX12Wrapper</Filter>
    </ClCompile>
    <ClCompile Include="src\DX12Wrapper\ShaderResourceViewDesc.cpp">
      <Filter>ソース ファイル\DX12Wrapper</Filter>
    </ClCompile>
    <ClCompile Include="src\DX12Wrapper\Texture.cpp">
      <Filter>ソース ファイル\DX12Wrapper</Filter>
    </ClCompile>
    <ClCompile Include="src\DX12Wrapper\VertexBuffer.cpp">
      <Filter>ソース ファイル\DX12Wrapper</Filter>
    </ClCompile>
    <ClCompile Include="src\Framework\IRenderer.cpp">
      <Filter>ソース ファイル\Framework</Filter>
    </ClCompile>
    <ClCompile Include="src\Framework\ShaderLibrary.cpp">
      <Filter>ソース ファイル\Framework</Filter>
    </ClCompile>
    <ClCompile Include="src\Game\Renderer.cpp">
      <Filter>ソース ファイル\Game\Graphics</Filter>
    </ClCompile>
    <ClCompile Include="src\Game\FlappyBird.cpp">
      <Filter>ソース ファイル\Game</Filter>
    </ClCompile>
    <ClCompile Include="src\Game\TitleScene.cpp">
      <Filter>ソース ファイル\Game\TitleScene</Filter>
    </ClCompile>
    <ClCompile Include="src\Framework\InputSystem.cpp">
      <Filter>ソース ファイル\Framework\System\Input</Filter>
    </ClCompile>
    <ClCompile Include="src\Framework\SoundClip.cpp">
      <Filter>ソース ファイル\Framework\System\Sound</Filter>
    </ClCompile>
    <ClCompile Include="src\Framework\SoundManager.cpp">
      <Filter>ソース ファイル\Framework\System\Sound</Filter>
    </ClCompile>
    <ClCompile Include="src\Framework\SpriteRenderer.cpp">
      <Filter>ソース ファイル\Framework\Component</Filter>
    </ClCompile>
    <ClCompile Include="src\Framework\Transform2D.cpp">
      <Filter>ソース ファイル\Framework\Component</Filter>
    </ClCompile>
    <ClCompile Include="src\Framework\Text.cpp">
      <Filter>ソース ファイル\Framework\Component</Filter>
    </ClCompile>
    <ClCompile Include="src\Framework\Scene.cpp">
      <Filter>ソース ファイル\Framework\System\Scene</Filter>
    </ClCompile>
    <ClCompile Include="src\Framework\SceneManager.cpp">
      <Filter>ソース ファイル\Framework\System\Scene</Filter>
    </ClCompile>
    <ClCompile Include="src\Framework\Game.cpp">
      <Filter>ソース ファイル\Framework\System</Filter>
    </ClCompile>
    <ClCompile Include="src\Framework\Window.cpp">
      <Filter>ソース ファイル\Framework\System</Filter>
    </ClCompile>
    <ClCompile Include="src\Framework\Sprite.cpp">
      <Filter>ソース ファイル\Framework</Filter>
    </ClCompile>
    <ClCompile Include="src\Game\GameScene.cpp">
      <Filter>ソース ファイル\Game\GameScene</Filter>
    </ClCompile>
    <ClCompile Include="src\Framework\Camera.cpp">
      <Filter>ソース ファイル\Framework\Component</Filter>
    </ClCompile>
    <ClCompile Include="src\Framework\Button.cpp">
      <Filter>ソース ファイル\Framework\Component</Filter>
    </ClCompile>
    <ClCompile Include="src\Framework\Object.cpp">
      <Filter>ソース ファイル\Framework\Object</Filter>
    </ClCompile>
    <ClCompile Include="src\Framework\CollisionSystem.cpp">
      <Filter>ソース ファイル\Framework\System\Collision</Filter>
    </ClCompile>
    <ClCompile Include="src\Framework\RectCollider.cpp">
      <Filter>ソース ファイル\Framework\System\Collision</Filter>
    </ClCompile>
    <ClCompile Include="src\Game\Background.cpp">
      <Filter>ソース ファイル\Game\GameScene</Filter>
    </ClCompile>
    <ClCompile Include="src\Game\Player.cpp">
      <Filter>ソース ファイル\Game\GameScene</Filter>
    </ClCompile>
    <ClCompile Include="src\Framework\Rigidbody2D.cpp">
      <Filter>ソース ファイル\Framework\Component</Filter>
    </ClCompile>
    <ClCompile Include="src\Utility\EngineUtility.cpp">
      <Filter>ソース ファイル\Utility</Filter>
    </ClCompile>
    <ClCompile Include="src\Framework\Collider.cpp">
      <Filter>ソース ファイル\Framework\Component</Filter>
    </ClCompile>
    <ClCompile Include="src\Game\GameMaster.cpp">
      <Filter>ソース ファイル\Game\GameScene</Filter>
    </ClCompile>
    <ClCompile Include="src\Game\Obstacle.cpp">
      <Filter>ソース ファイル\Game\GameScene\Obstacle</Filter>
    </ClCompile>
    <ClCompile Include="src\Game\ObstaclePool.cpp">
      <Filter>ソース ファイル\Game\GameScene\Obstacle</Filter>
    </ClCompile>
    <ClCompile Include="src\Game\ObstacleSpawner.cpp">
      <Filter>ソース ファイル\Game\GameScene\Obstacle</Filter>
    </ClCompile>
    <ClCompile Include="src\Framework\WAVFileReader.cpp">
      <Filter>ソース ファイル\Framework\System\Sound</Filter>
    </ClCompile>
    <ClCompile Include="src\Game\GameOverUI.cpp">
      <Filter>ソース ファイル\Game\GameScene\UI</Filter>
    </ClCompile>
    <ClCompile Include="src\Game\GameReadyUI.cpp">
      <Filter>ソース ファイル\Game\GameScene\UI</Filter>
    </ClCompile>
    <ClCompile Include="src\Game\Score.cpp">
      <Filter>ソース ファイル\Game\GameScene\UI</Filter>
    </ClCompile>
    <ClCompile Include="src\Game\ScoreFrame.cpp">
      <Filter>ソース ファイル\Game\GameScene\UI</Filter>
    </ClCompile>
    <ClCompile Include="src\Game\UserGuide.cpp">
      <Filter>ソース ファイル\Game\GameScene\UI</Filter>
    </ClCompile>
    <ClCompile Include="src\Game\PleaseClickText.cpp">
      <Filter>ソース ファイル\Game\TitleScene</Filter>
    </ClCompile>
  </ItemGroup>
  <ItemGroup>
    <ClInclude Include="src\pch.h">
      <Filter>ソース ファイル</Filter>
    </ClInclude>
    <ClInclude Include="resource.h">
      <Filter>ヘッダー ファイル</Filter>
    </ClInclude>
    <ClInclude Include="src\DX12Wrapper\ConstantBuffer.h">
      <Filter>ソース ファイル\DX12Wrapper</Filter>
    </ClInclude>
    <ClInclude Include="src\DX12Wrapper\CubeRenderTarget.h">
      <Filter>ソース ファイル\DX12Wrapper</Filter>
    </ClInclude>
    <ClInclude Include="src\DX12Wrapper\DepthStencilBuffer.h">
      <Filter>ソース ファイル\DX12Wrapper</Filter>
    </ClInclude>
    <ClInclude Include="src\DX12Wrapper\DescriptorHeapCBV_SRV_UAV.h">
      <Filter>ソース ファイル\DX12Wrapper</Filter>
    </ClInclude>
    <ClInclude Include="src\DX12Wrapper\DescriptorHeapDSV.h">
      <Filter>ソース ファイル\DX12Wrapper</Filter>
    </ClInclude>
    <ClInclude Include="src\DX12Wrapper\DescriptorHeapRTV.h">
      <Filter>ソース ファイル\DX12Wrapper</Filter>
    </ClInclude>
    <ClInclude Include="src\DX12Wrapper\Dx12GraphicsEngine.h">
      <Filter>ソース ファイル\DX12Wrapper</Filter>
    </ClInclude>
    <ClInclude Include="src\DX12Wrapper\FontRenderer.h">
      <Filter>ソース ファイル\DX12Wrapper</Filter>
    </ClInclude>
    <ClInclude Include="src\DX12Wrapper\GraphicsPipelineState.h">
      <Filter>ソース ファイル\DX12Wrapper</Filter>
    </ClInclude>
    <ClInclude Include="src\DX12Wrapper\IndexBuffer.h">
      <Filter>ソース ファイル\DX12Wrapper</Filter>
    </ClInclude>
    <ClInclude Include="src\DX12Wrapper\InputLayout.h">
      <Filter>ソース ファイル\DX12Wrapper</Filter>
    </ClInclude>
    <ClInclude Include="src\DX12Wrapper\RenderingContext.h">
      <Filter>ソース ファイル\DX12Wrapper</Filter>
    </ClInclude>
    <ClInclude Include="src\DX12Wrapper\RenderTarget.h">
      <Filter>ソース ファイル\DX12Wrapper</Filter>
    </ClInclude>
    <ClInclude Include="src\DX12Wrapper\RenderTargetBuffer.h">
      <Filter>ソース ファイル\DX12Wrapper</Filter>
    </ClInclude>
    <ClInclude Include="src\DX12Wrapper\RootSignature.h">
      <Filter>ソース ファイル\DX12Wrapper</Filter>
    </ClInclude>
    <ClInclude Include="src\DX12Wrapper\Shader.h">
      <Filter>ソース ファイル\DX12Wrapper</Filter>
    </ClInclude>
    <ClInclude Include="src\DX12Wrapper\ShaderResourceViewDesc.h">
      <Filter>ソース ファイル\DX12Wrapper</Filter>
    </ClInclude>
    <ClInclude Include="src\DX12Wrapper\Texture.h">
      <Filter>ソース ファイル\DX12Wrapper</Filter>
    </ClInclude>
    <ClInclude Include="src\DX12Wrapper\VertexBuffer.h">
      <Filter>ソース ファイル\DX12Wrapper</Filter>
    </ClInclude>
    <ClInclude Include="src\Framework\IRenderer.h">
      <Filter>ソース ファイル\Framework</Filter>
    </ClInclude>
    <ClInclude Include="src\Framework\ShaderLibrary.h">
      <Filter>ソース ファイル\Framework</Filter>
    </ClInclude>
    <ClInclude Include="src\Game\Renderer.h">
      <Filter>ソース ファイル\Game\Graphics</Filter>
    </ClInclude>
    <ClInclude Include="src\Game\FlappyBird.h">
      <Filter>ソース ファイル\Game</Filter>
    </ClInclude>
    <ClInclude Include="src\Game\TitleScene.h">
      <Filter>ソース ファイル\Game\TitleScene</Filter>
    </ClInclude>
    <ClInclude Include="src\Framework\InputSystem.h">
      <Filter>ソース ファイル\Framework\System\Input</Filter>
    </ClInclude>
    <ClInclude Include="src\Framework\SoundClip.h">
      <Filter>ソース ファイル\Framework\System\Sound</Filter>
    </ClInclude>
    <ClInclude Include="src\Framework\SoundManager.h">
      <Filter>ソース ファイル\Framework\System\Sound</Filter>
    </ClInclude>
    <ClInclude Include="src\Framework\IComponent.h">
      <Filter>ソース ファイル\Framework\Component</Filter>
    </ClInclude>
    <ClInclude Include="src\Framework\SpriteRenderer.h">
      <Filter>ソース ファイル\Framework\Component</Filter>
    </ClInclude>
    <ClInclude Include="src\Framework\Transform2D.h">
      <Filter>ソース ファイル\Framework\Component</Filter>
    </ClInclude>
    <ClInclude Include="src\Framework\Text.h">
      <Filter>ソース ファイル\Framework\Component</Filter>
    </ClInclude>
    <ClInclude Include="src\Framework\Scene.h">
      <Filter>ソース ファイル\Framework\System\Scene</Filter>
    </ClInclude>
    <ClInclude Include="src\Framework\SceneManager.h">
      <Filter>ソース ファイル\Framework\System\Scene</Filter>
    </ClInclude>
    <ClInclude Include="src\Framework\Game.h">
      <Filter>ソース ファイル\Framework\System</Filter>
    </ClInclude>
    <ClInclude Include="src\Framework\GameImpl.h">
      <Filter>ソース ファイル\Framework\System</Filter>
    </ClInclude>
    <ClInclude Include="src\Framework\Window.h">
      <Filter>ソース ファイル\Framework\System</Filter>
    </ClInclude>
    <ClInclude Include="src\Framework\Sprite.h">
      <Filter>ソース ファイル\Framework</Filter>
    </ClInclude>
    <ClInclude Include="src\Game\GameScene.h">
      <Filter>ソース ファイル\Game\GameScene</Filter>
    </ClInclude>
    <ClInclude Include="src\Framework\Camera.h">
      <Filter>ソース ファイル\Framework\Component</Filter>
    </ClInclude>
    <ClInclude Include="src\Framework\Button.h">
      <Filter>ソース ファイル\Framework\Component</Filter>
    </ClInclude>
    <ClInclude Include="src\Framework\GameObjectManager.h">
      <Filter>ソース ファイル\Framework\Object</Filter>
    </ClInclude>
    <ClInclude Include="src\Framework\Object.h">
      <Filter>ソース ファイル\Framework\Object</Filter>
    </ClInclude>
    <ClInclude Include="src\Framework\CollisionSystem.h">
      <Filter>ソース ファイル\Framework\System\Collision</Filter>
    </ClInclude>
    <ClInclude Include="src\Framework\Collider.h">
      <Filter>ソース ファイル\Framework\Component</Filter>
    </ClInclude>
    <ClInclude Include="src\Framework\RectCollider.h">
      <Filter>ソース ファイル\Framework\System\Collision</Filter>
    </ClInclude>
    <ClInclude Include="src\Framework\GameFramework.h">
      <Filter>ソース ファイル\Framework</Filter>
    </ClInclude>
    <ClInclude Include="src\Framework\UIObjectManager.h">
      <Filter>ソース ファイル\Framework\Object</Filter>
    </ClInclude>
    <ClInclude Include="src\Framework\ObjectManager.h">
      <Filter>ソース ファイル\Framework\Object</Filter>
    </ClInclude>
    <ClInclude Include="src\Framework\Rigidbody2D.h">
      <Filter>ソース ファイル\Framework\Component</Filter>
    </ClInclude>
    <ClInclude Include="src\Game\Player.h">
      <Filter>ソース ファイル\Game\GameScene</Filter>
    </ClInclude>
    <ClInclude Include="src\Game\Background.h">
      <Filter>ソース ファイル\Game\GameScene</Filter>
    </ClInclude>
    <ClInclude Include="src\Utility\EngineUtility.h">
      <Filter>ソース ファイル\Utility</Filter>
    </ClInclude>
    <ClInclude Include="src\Utility\ISingleton.h">
      <Filter>ソース ファイル\Utility</Filter>
    </ClInclude>
    <ClInclude Include="src\Game\GameMaster.h">
      <Filter>ソース ファイル\Game\GameScene</Filter>
    </ClInclude>
    <ClInclude Include="src\Game\Obstacle.h">
      <Filter>ソース ファイル\Game\GameScene\Obstacle</Filter>
    </ClInclude>
    <ClInclude Include="src\Game\ObstaclePool.h">
      <Filter>ソース ファイル\Game\GameScene\Obstacle</Filter>
    </ClInclude>
    <ClInclude Include="src\Game\ObstacleSpawner.h">
      <Filter>ソース ファイル\Game\GameScene\Obstacle</Filter>
    </ClInclude>
    <ClInclude Include="src\Framework\WAVFileReader.h">
      <Filter>ソース ファイル\Framework\System\Sound</Filter>
    </ClInclude>
    <ClInclude Include="src\Game\GameOverUI.h">
      <Filter>ソース ファイル\Game\GameScene\UI</Filter>
    </ClInclude>
    <ClInclude Include="src\Game\GameReadyUI.h">
      <Filter>ソース ファイル\Game\GameScene\UI</Filter>
    </ClInclude>
    <ClInclude Include="src\Game\Score.h">
      <Filter>ソース ファイル\Game\GameScene\UI</Filter>
    </ClInclude>
    <ClInclude Include="src\Game\ScoreFrame.h">
      <Filter>ソース ファイル\Game\GameScene\UI</Filter>
    </ClInclude>
    <ClInclude Include="src\Game\UserGuide.h">
      <Filter>ソース ファイル\Game\GameScene\UI</Filter>
    </ClInclude>
    <ClInclude Include="src\Game\PleaseClickText.h">
      <Filter>ソース ファイル\Game\TitleScene</Filter>
    </ClInclude>
  </ItemGroup>
  <ItemGroup>
    <ResourceCompile Include="FlappyBird.rc">
      <Filter>リソース ファイル</Filter>
    </ResourceCompile>
  </ItemGroup>
  <ItemGroup>
    <Image Include="res\FlappyBird.ico">
      <Filter>リソース ファイル</Filter>
    </Image>
  </ItemGroup>
</Project>